// !$*UTF8*$!
{
	archiveVersion = 1;
	classes = {
	};
	objectVersion = 50;
	objects = {

/* Begin PBXBuildFile section */
		5C203BE822996362004139DD /* AppDelegate.swift in Sources */ = {isa = PBXBuildFile; fileRef = 5C203BE722996362004139DD /* AppDelegate.swift */; };
		5C203BED22996362004139DD /* Main.storyboard in Resources */ = {isa = PBXBuildFile; fileRef = 5C203BEB22996362004139DD /* Main.storyboard */; };
		5C203BF022996362004139DD /* redgames.xcdatamodeld in Sources */ = {isa = PBXBuildFile; fileRef = 5C203BEE22996362004139DD /* redgames.xcdatamodeld */; };
		5C203BF222996363004139DD /* Assets.xcassets in Resources */ = {isa = PBXBuildFile; fileRef = 5C203BF122996363004139DD /* Assets.xcassets */; };
		5C203BF522996363004139DD /* LaunchScreen.storyboard in Resources */ = {isa = PBXBuildFile; fileRef = 5C203BF322996363004139DD /* LaunchScreen.storyboard */; };
		5C203C0622996EC5004139DD /* PhotosTableViewController.swift in Sources */ = {isa = PBXBuildFile; fileRef = 5C203C0522996EC5004139DD /* PhotosTableViewController.swift */; };
		5C203C0822996ED6004139DD /* Photo.swift in Sources */ = {isa = PBXBuildFile; fileRef = 5C203C0722996ED6004139DD /* Photo.swift */; };
		5C203C0B22996F48004139DD /* PhotoTableViewCell.swift in Sources */ = {isa = PBXBuildFile; fileRef = 5C203C0A22996F48004139DD /* PhotoTableViewCell.swift */; };
		5C203C0E22997571004139DD /* ApiService.swift in Sources */ = {isa = PBXBuildFile; fileRef = 5C203C0D22997571004139DD /* ApiService.swift */; };
		5C203C102299782E004139DD /* RequestRest.swift in Sources */ = {isa = PBXBuildFile; fileRef = 5C203C0F2299782E004139DD /* RequestRest.swift */; };
		5C203C1322998477004139DD /* ColorUtils.swift in Sources */ = {isa = PBXBuildFile; fileRef = 5C203C1222998477004139DD /* ColorUtils.swift */; };
		5C203C1722999DED004139DD /* GameInformationViewController.swift in Sources */ = {isa = PBXBuildFile; fileRef = 5C203C1622999DED004139DD /* GameInformationViewController.swift */; };
		5C203C192299AA82004139DD /* Game.swift in Sources */ = {isa = PBXBuildFile; fileRef = 5C203C182299AA82004139DD /* Game.swift */; };
		5C203C1B2299ADF0004139DD /* GameDaysTableViewController.swift in Sources */ = {isa = PBXBuildFile; fileRef = 5C203C1A2299ADF0004139DD /* GameDaysTableViewController.swift */; };
		5C203C1D2299AE23004139DD /* GameTableViewController.swift in Sources */ = {isa = PBXBuildFile; fileRef = 5C203C1C2299AE23004139DD /* GameTableViewController.swift */; };
		5C203C1F2299C4B9004139DD /* TeamTableViewCell.swift in Sources */ = {isa = PBXBuildFile; fileRef = 5C203C1E2299C4B9004139DD /* TeamTableViewCell.swift */; };
		5C203C212299C4D5004139DD /* TeamTableViewController.swift in Sources */ = {isa = PBXBuildFile; fileRef = 5C203C202299C4D5004139DD /* TeamTableViewController.swift */; };
		5C203C232299C529004139DD /* Team.swift in Sources */ = {isa = PBXBuildFile; fileRef = 5C203C222299C529004139DD /* Team.swift */; };
		5C203C252299CBCB004139DD /* RankingTableViewController.swift in Sources */ = {isa = PBXBuildFile; fileRef = 5C203C242299CBCB004139DD /* RankingTableViewController.swift */; };
		5C203C272299CBDE004139DD /* RankingTableViewCell.swift in Sources */ = {isa = PBXBuildFile; fileRef = 5C203C262299CBDE004139DD /* RankingTableViewCell.swift */; };
		5C203C292299CBF7004139DD /* Ranking.swift in Sources */ = {isa = PBXBuildFile; fileRef = 5C203C282299CBF7004139DD /* Ranking.swift */; };
		F4AEFF096E4126BAF6842340 /* Pods_redgames.framework in Frameworks */ = {isa = PBXBuildFile; fileRef = 04544C1D3E6FB9C8889E95E9 /* Pods_redgames.framework */; };
/* End PBXBuildFile section */

/* Begin PBXFileReference section */
		04544C1D3E6FB9C8889E95E9 /* Pods_redgames.framework */ = {isa = PBXFileReference; explicitFileType = wrapper.framework; includeInIndex = 0; path = Pods_redgames.framework; sourceTree = BUILT_PRODUCTS_DIR; };
		5C203BE422996362004139DD /* redgames.app */ = {isa = PBXFileReference; explicitFileType = wrapper.application; includeInIndex = 0; path = redgames.app; sourceTree = BUILT_PRODUCTS_DIR; };
		5C203BE722996362004139DD /* AppDelegate.swift */ = {isa = PBXFileReference; lastKnownFileType = sourcecode.swift; path = AppDelegate.swift; sourceTree = "<group>"; };
		5C203BEC22996362004139DD /* Base */ = {isa = PBXFileReference; lastKnownFileType = file.storyboard; name = Base; path = Base.lproj/Main.storyboard; sourceTree = "<group>"; };
		5C203BEF22996362004139DD /* redgames.xcdatamodel */ = {isa = PBXFileReference; lastKnownFileType = wrapper.xcdatamodel; path = redgames.xcdatamodel; sourceTree = "<group>"; };
		5C203BF122996363004139DD /* Assets.xcassets */ = {isa = PBXFileReference; lastKnownFileType = folder.assetcatalog; path = Assets.xcassets; sourceTree = "<group>"; };
		5C203BF422996363004139DD /* Base */ = {isa = PBXFileReference; lastKnownFileType = file.storyboard; name = Base; path = Base.lproj/LaunchScreen.storyboard; sourceTree = "<group>"; };
		5C203BF622996363004139DD /* Info.plist */ = {isa = PBXFileReference; lastKnownFileType = text.plist.xml; path = Info.plist; sourceTree = "<group>"; };
		5C203C0522996EC5004139DD /* PhotosTableViewController.swift */ = {isa = PBXFileReference; lastKnownFileType = sourcecode.swift; path = PhotosTableViewController.swift; sourceTree = "<group>"; };
		5C203C0722996ED6004139DD /* Photo.swift */ = {isa = PBXFileReference; lastKnownFileType = sourcecode.swift; path = Photo.swift; sourceTree = "<group>"; };
		5C203C0A22996F48004139DD /* PhotoTableViewCell.swift */ = {isa = PBXFileReference; lastKnownFileType = sourcecode.swift; path = PhotoTableViewCell.swift; sourceTree = "<group>"; };
		5C203C0D22997571004139DD /* ApiService.swift */ = {isa = PBXFileReference; lastKnownFileType = sourcecode.swift; path = ApiService.swift; sourceTree = "<group>"; };
		5C203C0F2299782E004139DD /* RequestRest.swift */ = {isa = PBXFileReference; lastKnownFileType = sourcecode.swift; path = RequestRest.swift; sourceTree = "<group>"; };
		5C203C1222998477004139DD /* ColorUtils.swift */ = {isa = PBXFileReference; lastKnownFileType = sourcecode.swift; path = ColorUtils.swift; sourceTree = "<group>"; };
		5C203C1622999DED004139DD /* GameInformationViewController.swift */ = {isa = PBXFileReference; lastKnownFileType = sourcecode.swift; path = GameInformationViewController.swift; sourceTree = "<group>"; };
		5C203C182299AA82004139DD /* Game.swift */ = {isa = PBXFileReference; lastKnownFileType = sourcecode.swift; path = Game.swift; sourceTree = "<group>"; };
		5C203C1A2299ADF0004139DD /* GameDaysTableViewController.swift */ = {isa = PBXFileReference; lastKnownFileType = sourcecode.swift; path = GameDaysTableViewController.swift; sourceTree = "<group>"; };
		5C203C1C2299AE23004139DD /* GameTableViewController.swift */ = {isa = PBXFileReference; lastKnownFileType = sourcecode.swift; path = GameTableViewController.swift; sourceTree = "<group>"; };
		5C203C1E2299C4B9004139DD /* TeamTableViewCell.swift */ = {isa = PBXFileReference; lastKnownFileType = sourcecode.swift; path = TeamTableViewCell.swift; sourceTree = "<group>"; };
		5C203C202299C4D5004139DD /* TeamTableViewController.swift */ = {isa = PBXFileReference; lastKnownFileType = sourcecode.swift; path = TeamTableViewController.swift; sourceTree = "<group>"; };
		5C203C222299C529004139DD /* Team.swift */ = {isa = PBXFileReference; lastKnownFileType = sourcecode.swift; path = Team.swift; sourceTree = "<group>"; };
		5C203C242299CBCB004139DD /* RankingTableViewController.swift */ = {isa = PBXFileReference; lastKnownFileType = sourcecode.swift; path = RankingTableViewController.swift; sourceTree = "<group>"; };
		5C203C262299CBDE004139DD /* RankingTableViewCell.swift */ = {isa = PBXFileReference; lastKnownFileType = sourcecode.swift; path = RankingTableViewCell.swift; sourceTree = "<group>"; };
		5C203C282299CBF7004139DD /* Ranking.swift */ = {isa = PBXFileReference; lastKnownFileType = sourcecode.swift; path = Ranking.swift; sourceTree = "<group>"; };
		5F0331213AFD93680BE2116D /* Pods-redgames.release.xcconfig */ = {isa = PBXFileReference; includeInIndex = 1; lastKnownFileType = text.xcconfig; name = "Pods-redgames.release.xcconfig"; path = "Pods/Target Support Files/Pods-redgames/Pods-redgames.release.xcconfig"; sourceTree = "<group>"; };
		A65DF50E96A8791FB2FCCE81 /* Pods-redgames.debug.xcconfig */ = {isa = PBXFileReference; includeInIndex = 1; lastKnownFileType = text.xcconfig; name = "Pods-redgames.debug.xcconfig"; path = "Pods/Target Support Files/Pods-redgames/Pods-redgames.debug.xcconfig"; sourceTree = "<group>"; };
/* End PBXFileReference section */

/* Begin PBXFrameworksBuildPhase section */
		5C203BE122996362004139DD /* Frameworks */ = {
			isa = PBXFrameworksBuildPhase;
			buildActionMask = 2147483647;
			files = (
				F4AEFF096E4126BAF6842340 /* Pods_redgames.framework in Frameworks */,
			);
			runOnlyForDeploymentPostprocessing = 0;
		};
/* End PBXFrameworksBuildPhase section */

/* Begin PBXGroup section */
		0D4774E05962A97CF24378CE /* Frameworks */ = {
			isa = PBXGroup;
			children = (
				04544C1D3E6FB9C8889E95E9 /* Pods_redgames.framework */,
			);
			name = Frameworks;
			sourceTree = "<group>";
		};
		5C203BDB22996362004139DD = {
			isa = PBXGroup;
			children = (
				5C203BE622996362004139DD /* redgames */,
				5C203BE522996362004139DD /* Products */,
				E062421E0DB7A1F76A174A0E /* Pods */,
				0D4774E05962A97CF24378CE /* Frameworks */,
			);
			sourceTree = "<group>";
		};
		5C203BE522996362004139DD /* Products */ = {
			isa = PBXGroup;
			children = (
				5C203BE422996362004139DD /* redgames.app */,
			);
			name = Products;
			sourceTree = "<group>";
		};
		5C203BE622996362004139DD /* redgames */ = {
			isa = PBXGroup;
			children = (
				5C203C112299846B004139DD /* utils */,
				5C203C0C22997562004139DD /* ws */,
				5C203C0922996F2F004139DD /* cell */,
				5C203C0422996EB6004139DD /* model */,
				5C203C0322996EA9004139DD /* controller */,
				5C203BE722996362004139DD /* AppDelegate.swift */,
				5C203BEB22996362004139DD /* Main.storyboard */,
				5C203BF122996363004139DD /* Assets.xcassets */,
				5C203BF322996363004139DD /* LaunchScreen.storyboard */,
				5C203BF622996363004139DD /* Info.plist */,
				5C203BEE22996362004139DD /* redgames.xcdatamodeld */,
			);
			path = redgames;
			sourceTree = "<group>";
		};
		5C203C0322996EA9004139DD /* controller */ = {
			isa = PBXGroup;
			children = (
				5C203C0522996EC5004139DD /* PhotosTableViewController.swift */,
				5C203C1622999DED004139DD /* GameInformationViewController.swift */,
				5C203C1A2299ADF0004139DD /* GameDaysTableViewController.swift */,
				5C203C1C2299AE23004139DD /* GameTableViewController.swift */,
				5C203C202299C4D5004139DD /* TeamTableViewController.swift */,
				5C203C242299CBCB004139DD /* RankingTableViewController.swift */,
			);
			path = controller;
			sourceTree = "<group>";
		};
		5C203C0422996EB6004139DD /* model */ = {
			isa = PBXGroup;
			children = (
				5C203C0722996ED6004139DD /* Photo.swift */,
				5C203C182299AA82004139DD /* Game.swift */,
				5C203C222299C529004139DD /* Team.swift */,
				5C203C282299CBF7004139DD /* Ranking.swift */,
			);
			path = model;
			sourceTree = "<group>";
		};
		5C203C0922996F2F004139DD /* cell */ = {
			isa = PBXGroup;
			children = (
				5C203C0A22996F48004139DD /* PhotoTableViewCell.swift */,
				5C203C1E2299C4B9004139DD /* TeamTableViewCell.swift */,
				5C203C262299CBDE004139DD /* RankingTableViewCell.swift */,
			);
			path = cell;
			sourceTree = "<group>";
		};
		5C203C0C22997562004139DD /* ws */ = {
			isa = PBXGroup;
			children = (
				5C203C0D22997571004139DD /* ApiService.swift */,
				5C203C0F2299782E004139DD /* RequestRest.swift */,
			);
			path = ws;
			sourceTree = "<group>";
		};
		5C203C112299846B004139DD /* utils */ = {
			isa = PBXGroup;
			children = (
				5C203C1222998477004139DD /* ColorUtils.swift */,
			);
			path = utils;
			sourceTree = "<group>";
		};
		E062421E0DB7A1F76A174A0E /* Pods */ = {
			isa = PBXGroup;
			children = (
				A65DF50E96A8791FB2FCCE81 /* Pods-redgames.debug.xcconfig */,
				5F0331213AFD93680BE2116D /* Pods-redgames.release.xcconfig */,
			);
			name = Pods;
			sourceTree = "<group>";
		};
/* End PBXGroup section */

/* Begin PBXNativeTarget section */
		5C203BE322996362004139DD /* redgames */ = {
			isa = PBXNativeTarget;
			buildConfigurationList = 5C203BF922996363004139DD /* Build configuration list for PBXNativeTarget "redgames" */;
			buildPhases = (
				143C37A9E6D2FA9E3A7FBD1D /* [CP] Check Pods Manifest.lock */,
				5C203BE022996362004139DD /* Sources */,
				5C203BE122996362004139DD /* Frameworks */,
				5C203BE222996362004139DD /* Resources */,
				3C12387B8B6409F5CAD91A7C /* [CP] Embed Pods Frameworks */,
			);
			buildRules = (
			);
			dependencies = (
			);
			name = redgames;
			productName = redgames;
			productReference = 5C203BE422996362004139DD /* redgames.app */;
			productType = "com.apple.product-type.application";
		};
/* End PBXNativeTarget section */

/* Begin PBXProject section */
		5C203BDC22996362004139DD /* Project object */ = {
			isa = PBXProject;
			attributes = {
				LastSwiftUpdateCheck = 1020;
				LastUpgradeCheck = 1020;
				ORGANIZATIONNAME = "Powell Apps";
				TargetAttributes = {
					5C203BE322996362004139DD = {
						CreatedOnToolsVersion = 10.2.1;
					};
				};
			};
			buildConfigurationList = 5C203BDF22996362004139DD /* Build configuration list for PBXProject "redgames" */;
			compatibilityVersion = "Xcode 9.3";
			developmentRegion = en;
			hasScannedForEncodings = 0;
			knownRegions = (
				en,
				Base,
			);
			mainGroup = 5C203BDB22996362004139DD;
			productRefGroup = 5C203BE522996362004139DD /* Products */;
			projectDirPath = "";
			projectRoot = "";
			targets = (
				5C203BE322996362004139DD /* redgames */,
			);
		};
/* End PBXProject section */

/* Begin PBXResourcesBuildPhase section */
		5C203BE222996362004139DD /* Resources */ = {
			isa = PBXResourcesBuildPhase;
			buildActionMask = 2147483647;
			files = (
				5C203BF522996363004139DD /* LaunchScreen.storyboard in Resources */,
				5C203BF222996363004139DD /* Assets.xcassets in Resources */,
				5C203BED22996362004139DD /* Main.storyboard in Resources */,
			);
			runOnlyForDeploymentPostprocessing = 0;
		};
/* End PBXResourcesBuildPhase section */

/* Begin PBXShellScriptBuildPhase section */
		143C37A9E6D2FA9E3A7FBD1D /* [CP] Check Pods Manifest.lock */ = {
			isa = PBXShellScriptBuildPhase;
			buildActionMask = 2147483647;
			files = (
			);
			inputFileListPaths = (
			);
			inputPaths = (
				"${PODS_PODFILE_DIR_PATH}/Podfile.lock",
				"${PODS_ROOT}/Manifest.lock",
			);
			name = "[CP] Check Pods Manifest.lock";
			outputFileListPaths = (
			);
			outputPaths = (
				"$(DERIVED_FILE_DIR)/Pods-redgames-checkManifestLockResult.txt",
			);
			runOnlyForDeploymentPostprocessing = 0;
			shellPath = /bin/sh;
			shellScript = "diff \"${PODS_PODFILE_DIR_PATH}/Podfile.lock\" \"${PODS_ROOT}/Manifest.lock\" > /dev/null\nif [ $? != 0 ] ; then\n    # print error to STDERR\n    echo \"error: The sandbox is not in sync with the Podfile.lock. Run 'pod install' or update your CocoaPods installation.\" >&2\n    exit 1\nfi\n# This output is used by Xcode 'outputs' to avoid re-running this script phase.\necho \"SUCCESS\" > \"${SCRIPT_OUTPUT_FILE_0}\"\n";
			showEnvVarsInLog = 0;
		};
		3C12387B8B6409F5CAD91A7C /* [CP] Embed Pods Frameworks */ = {
			isa = PBXShellScriptBuildPhase;
			buildActionMask = 2147483647;
			files = (
			);
			inputFileListPaths = (
			);
			inputPaths = (
				"${SRCROOT}/Pods/Target Support Files/Pods-redgames/Pods-redgames-frameworks.sh",
				"${BUILT_PRODUCTS_DIR}/Alamofire/Alamofire.framework",
				"${BUILT_PRODUCTS_DIR}/Eureka/Eureka.framework",
				"${BUILT_PRODUCTS_DIR}/Nuke/Nuke.framework",
				"${BUILT_PRODUCTS_DIR}/SwiftyJSON/SwiftyJSON.framework",
			);
			name = "[CP] Embed Pods Frameworks";
			outputFileListPaths = (
			);
			outputPaths = (
				"${TARGET_BUILD_DIR}/${FRAMEWORKS_FOLDER_PATH}/Alamofire.framework",
				"${TARGET_BUILD_DIR}/${FRAMEWORKS_FOLDER_PATH}/Eureka.framework",
				"${TARGET_BUILD_DIR}/${FRAMEWORKS_FOLDER_PATH}/Nuke.framework",
				"${TARGET_BUILD_DIR}/${FRAMEWORKS_FOLDER_PATH}/SwiftyJSON.framework",
			);
			runOnlyForDeploymentPostprocessing = 0;
			shellPath = /bin/sh;
			shellScript = "\"${SRCROOT}/Pods/Target Support Files/Pods-redgames/Pods-redgames-frameworks.sh\"\n";
			showEnvVarsInLog = 0;
		};
/* End PBXShellScriptBuildPhase section */

/* Begin PBXSourcesBuildPhase section */
		5C203BE022996362004139DD /* Sources */ = {
			isa = PBXSourcesBuildPhase;
			buildActionMask = 2147483647;
			files = (
				5C203C102299782E004139DD /* RequestRest.swift in Sources */,
				5C203C0B22996F48004139DD /* PhotoTableViewCell.swift in Sources */,
				5C203C0822996ED6004139DD /* Photo.swift in Sources */,
				5C203C272299CBDE004139DD /* RankingTableViewCell.swift in Sources */,
				5C203C232299C529004139DD /* Team.swift in Sources */,
				5C203C1722999DED004139DD /* GameInformationViewController.swift in Sources */,
				5C203C212299C4D5004139DD /* TeamTableViewController.swift in Sources */,
				5C203C1322998477004139DD /* ColorUtils.swift in Sources */,
				5C203C192299AA82004139DD /* Game.swift in Sources */,
				5C203C252299CBCB004139DD /* RankingTableViewController.swift in Sources */,
				5C203C0E22997571004139DD /* ApiService.swift in Sources */,
				5C203BF022996362004139DD /* redgames.xcdatamodeld in Sources */,
				5C203C1F2299C4B9004139DD /* TeamTableViewCell.swift in Sources */,
				5C203BE822996362004139DD /* AppDelegate.swift in Sources */,
				5C203C1D2299AE23004139DD /* GameTableViewController.swift in Sources */,
				5C203C1B2299ADF0004139DD /* GameDaysTableViewController.swift in Sources */,
				5C203C292299CBF7004139DD /* Ranking.swift in Sources */,
				5C203C0622996EC5004139DD /* PhotosTableViewController.swift in Sources */,
			);
			runOnlyForDeploymentPostprocessing = 0;
		};
/* End PBXSourcesBuildPhase section */

/* Begin PBXVariantGroup section */
		5C203BEB22996362004139DD /* Main.storyboard */ = {
			isa = PBXVariantGroup;
			children = (
				5C203BEC22996362004139DD /* Base */,
			);
			name = Main.storyboard;
			sourceTree = "<group>";
		};
		5C203BF322996363004139DD /* LaunchScreen.storyboard */ = {
			isa = PBXVariantGroup;
			children = (
				5C203BF422996363004139DD /* Base */,
			);
			name = LaunchScreen.storyboard;
			sourceTree = "<group>";
		};
/* End PBXVariantGroup section */

/* Begin XCBuildConfiguration section */
		5C203BF722996363004139DD /* Debug */ = {
			isa = XCBuildConfiguration;
			buildSettings = {
				ALWAYS_SEARCH_USER_PATHS = NO;
				CLANG_ANALYZER_NONNULL = YES;
				CLANG_ANALYZER_NUMBER_OBJECT_CONVERSION = YES_AGGRESSIVE;
				CLANG_CXX_LANGUAGE_STANDARD = "gnu++14";
				CLANG_CXX_LIBRARY = "libc++";
				CLANG_ENABLE_MODULES = YES;
				CLANG_ENABLE_OBJC_ARC = YES;
				CLANG_ENABLE_OBJC_WEAK = YES;
				CLANG_WARN_BLOCK_CAPTURE_AUTORELEASING = YES;
				CLANG_WARN_BOOL_CONVERSION = YES;
				CLANG_WARN_COMMA = YES;
				CLANG_WARN_CONSTANT_CONVERSION = YES;
				CLANG_WARN_DEPRECATED_OBJC_IMPLEMENTATIONS = YES;
				CLANG_WARN_DIRECT_OBJC_ISA_USAGE = YES_ERROR;
				CLANG_WARN_DOCUMENTATION_COMMENTS = YES;
				CLANG_WARN_EMPTY_BODY = YES;
				CLANG_WARN_ENUM_CONVERSION = YES;
				CLANG_WARN_INFINITE_RECURSION = YES;
				CLANG_WARN_INT_CONVERSION = YES;
				CLANG_WARN_NON_LITERAL_NULL_CONVERSION = YES;
				CLANG_WARN_OBJC_IMPLICIT_RETAIN_SELF = YES;
				CLANG_WARN_OBJC_LITERAL_CONVERSION = YES;
				CLANG_WARN_OBJC_ROOT_CLASS = YES_ERROR;
				CLANG_WARN_RANGE_LOOP_ANALYSIS = YES;
				CLANG_WARN_STRICT_PROTOTYPES = YES;
				CLANG_WARN_SUSPICIOUS_MOVE = YES;
				CLANG_WARN_UNGUARDED_AVAILABILITY = YES_AGGRESSIVE;
				CLANG_WARN_UNREACHABLE_CODE = YES;
				CLANG_WARN__DUPLICATE_METHOD_MATCH = YES;
				CODE_SIGN_IDENTITY = "iPhone Developer";
				COPY_PHASE_STRIP = NO;
				DEBUG_INFORMATION_FORMAT = dwarf;
				ENABLE_STRICT_OBJC_MSGSEND = YES;
				ENABLE_TESTABILITY = YES;
				GCC_C_LANGUAGE_STANDARD = gnu11;
				GCC_DYNAMIC_NO_PIC = NO;
				GCC_NO_COMMON_BLOCKS = YES;
				GCC_OPTIMIZATION_LEVEL = 0;
				GCC_PREPROCESSOR_DEFINITIONS = (
					"DEBUG=1",
					"$(inherited)",
				);
				GCC_WARN_64_TO_32_BIT_CONVERSION = YES;
				GCC_WARN_ABOUT_RETURN_TYPE = YES_ERROR;
				GCC_WARN_UNDECLARED_SELECTOR = YES;
				GCC_WARN_UNINITIALIZED_AUTOS = YES_AGGRESSIVE;
				GCC_WARN_UNUSED_FUNCTION = YES;
				GCC_WARN_UNUSED_VARIABLE = YES;
				IPHONEOS_DEPLOYMENT_TARGET = 12.2;
				MTL_ENABLE_DEBUG_INFO = INCLUDE_SOURCE;
				MTL_FAST_MATH = YES;
				ONLY_ACTIVE_ARCH = YES;
				SDKROOT = iphoneos;
				SWIFT_ACTIVE_COMPILATION_CONDITIONS = DEBUG;
				SWIFT_OPTIMIZATION_LEVEL = "-Onone";
			};
			name = Debug;
		};
		5C203BF822996363004139DD /* Release */ = {
			isa = XCBuildConfiguration;
			buildSettings = {
				ALWAYS_SEARCH_USER_PATHS = NO;
				CLANG_ANALYZER_NONNULL = YES;
				CLANG_ANALYZER_NUMBER_OBJECT_CONVERSION = YES_AGGRESSIVE;
				CLANG_CXX_LANGUAGE_STANDARD = "gnu++14";
				CLANG_CXX_LIBRARY = "libc++";
				CLANG_ENABLE_MODULES = YES;
				CLANG_ENABLE_OBJC_ARC = YES;
				CLANG_ENABLE_OBJC_WEAK = YES;
				CLANG_WARN_BLOCK_CAPTURE_AUTORELEASING = YES;
				CLANG_WARN_BOOL_CONVERSION = YES;
				CLANG_WARN_COMMA = YES;
				CLANG_WARN_CONSTANT_CONVERSION = YES;
				CLANG_WARN_DEPRECATED_OBJC_IMPLEMENTATIONS = YES;
				CLANG_WARN_DIRECT_OBJC_ISA_USAGE = YES_ERROR;
				CLANG_WARN_DOCUMENTATION_COMMENTS = YES;
				CLANG_WARN_EMPTY_BODY = YES;
				CLANG_WARN_ENUM_CONVERSION = YES;
				CLANG_WARN_INFINITE_RECURSION = YES;
				CLANG_WARN_INT_CONVERSION = YES;
				CLANG_WARN_NON_LITERAL_NULL_CONVERSION = YES;
				CLANG_WARN_OBJC_IMPLICIT_RETAIN_SELF = YES;
				CLANG_WARN_OBJC_LITERAL_CONVERSION = YES;
				CLANG_WARN_OBJC_ROOT_CLASS = YES_ERROR;
				CLANG_WARN_RANGE_LOOP_ANALYSIS = YES;
				CLANG_WARN_STRICT_PROTOTYPES = YES;
				CLANG_WARN_SUSPICIOUS_MOVE = YES;
				CLANG_WARN_UNGUARDED_AVAILABILITY = YES_AGGRESSIVE;
				CLANG_WARN_UNREACHABLE_CODE = YES;
				CLANG_WARN__DUPLICATE_METHOD_MATCH = YES;
				CODE_SIGN_IDENTITY = "iPhone Developer";
				COPY_PHASE_STRIP = NO;
				DEBUG_INFORMATION_FORMAT = "dwarf-with-dsym";
				ENABLE_NS_ASSERTIONS = NO;
				ENABLE_STRICT_OBJC_MSGSEND = YES;
				GCC_C_LANGUAGE_STANDARD = gnu11;
				GCC_NO_COMMON_BLOCKS = YES;
				GCC_WARN_64_TO_32_BIT_CONVERSION = YES;
				GCC_WARN_ABOUT_RETURN_TYPE = YES_ERROR;
				GCC_WARN_UNDECLARED_SELECTOR = YES;
				GCC_WARN_UNINITIALIZED_AUTOS = YES_AGGRESSIVE;
				GCC_WARN_UNUSED_FUNCTION = YES;
				GCC_WARN_UNUSED_VARIABLE = YES;
				IPHONEOS_DEPLOYMENT_TARGET = 12.2;
				MTL_ENABLE_DEBUG_INFO = NO;
				MTL_FAST_MATH = YES;
				SDKROOT = iphoneos;
				SWIFT_COMPILATION_MODE = wholemodule;
				SWIFT_OPTIMIZATION_LEVEL = "-O";
				VALIDATE_PRODUCT = YES;
			};
			name = Release;
		};
		5C203BFA22996363004139DD /* Debug */ = {
			isa = XCBuildConfiguration;
			baseConfigurationReference = A65DF50E96A8791FB2FCCE81 /* Pods-redgames.debug.xcconfig */;
			buildSettings = {
				ASSETCATALOG_COMPILER_APPICON_NAME = AppIcon;
				CODE_SIGN_STYLE = Automatic;
				DEVELOPMENT_TEAM = 8B965TG88P;
				INFOPLIST_FILE = redgames/Info.plist;
				LD_RUNPATH_SEARCH_PATHS = (
					"$(inherited)",
					"@executable_path/Frameworks",
				);
				PRODUCT_BUNDLE_IDENTIFIER = com.powellapps.redgames;
				PRODUCT_NAME = "$(TARGET_NAME)";
				SWIFT_VERSION = 5.0;
				TARGETED_DEVICE_FAMILY = "1,2";
			};
			name = Debug;
		};
		5C203BFB22996363004139DD /* Release */ = {
			isa = XCBuildConfiguration;
			baseConfigurationReference = 5F0331213AFD93680BE2116D /* Pods-redgames.release.xcconfig */;
			buildSettings = {
				ASSETCATALOG_COMPILER_APPICON_NAME = AppIcon;
				CODE_SIGN_STYLE = Automatic;
				DEVELOPMENT_TEAM = 8B965TG88P;
				INFOPLIST_FILE = redgames/Info.plist;
				LD_RUNPATH_SEARCH_PATHS = (
					"$(inherited)",
					"@executable_path/Frameworks",
				);
				PRODUCT_BUNDLE_IDENTIFIER = com.powellapps.redgames;
				PRODUCT_NAME = "$(TARGET_NAME)";
				SWIFT_VERSION = 5.0;
				TARGETED_DEVICE_FAMILY = "1,2";
			};
			name = Release;
		};
/* End XCBuildConfiguration section */

/* Begin XCConfigurationList section */
		5C203BDF22996362004139DD /* Build configuration list for PBXProject "redgames" */ = {
			isa = XCConfigurationList;
			buildConfigurations = (
				5C203BF722996363004139DD /* Debug */,
				5C203BF822996363004139DD /* Release */,
			);
			defaultConfigurationIsVisible = 0;
			defaultConfigurationName = Release;
		};
		5C203BF922996363004139DD /* Build configuration list for PBXNativeTarget "redgames" */ = {
			isa = XCConfigurationList;
			buildConfigurations = (
				5C203BFA22996363004139DD /* Debug */,
				5C203BFB22996363004139DD /* Release */,
			);
			defaultConfigurationIsVisible = 0;
			defaultConfigurationName = Release;
		};
/* End XCConfigurationList section */

/* Begin XCVersionGroup section */
		5C203BEE22996362004139DD /* redgames.xcdatamodeld */ = {
			isa = XCVersionGroup;
			children = (
				5C203BEF22996362004139DD /* redgames.xcdatamodel */,
			);
			currentVersion = 5C203BEF22996362004139DD /* redgames.xcdatamodel */;
			path = redgames.xcdatamodeld;
			sourceTree = "<group>";
			versionGroupType = wrapper.xcdatamodel;
		};
/* End XCVersionGroup section */
	};
	rootObject = 5C203BDC22996362004139DD /* Project object */;
}
